// !$*UTF8*$!
{
	archiveVersion = 1;
	classes = {
	};
	objectVersion = 50;
	objects = {

/* Begin PBXBuildFile section */
		A603F283215CFA7900C0DF06 /* main.swift in Sources */ = {isa = PBXBuildFile; fileRef = A603F282215CFA7900C0DF06 /* main.swift */; };
		A603F28A215CFAEF00C0DF06 /* utils.swift in Sources */ = {isa = PBXBuildFile; fileRef = A603F289215CFAEF00C0DF06 /* utils.swift */; };
		A603F28C215CFC7700C0DF06 /* settings.swift in Sources */ = {isa = PBXBuildFile; fileRef = A603F28B215CFC7700C0DF06 /* settings.swift */; };
		A63BDDCC2175011500DC79D7 /* regex.swift in Sources */ = {isa = PBXBuildFile; fileRef = A63BDDCB2175011500DC79D7 /* regex.swift */; };
		A645DE592174DC5E00E875D4 /* changers.swift in Sources */ = {isa = PBXBuildFile; fileRef = A645DE582174DC5E00E875D4 /* changers.swift */; };
		A6D9BE01217600D800B2907A /* status.swift in Sources */ = {isa = PBXBuildFile; fileRef = A6D9BE00217600D800B2907A /* status.swift */; };
/* End PBXBuildFile section */

/* Begin PBXCopyFilesBuildPhase section */
		A603F27D215CFA7900C0DF06 /* CopyFiles */ = {
			isa = PBXCopyFilesBuildPhase;
			buildActionMask = 2147483647;
			dstPath = /usr/share/man/man1/;
			dstSubfolderSpec = 0;
			files = (
			);
			runOnlyForDeploymentPostprocessing = 1;
		};
/* End PBXCopyFilesBuildPhase section */

/* Begin PBXFileReference section */
		A603F27F215CFA7900C0DF06 /* starlight */ = {isa = PBXFileReference; explicitFileType = "compiled.mach-o.executable"; includeInIndex = 0; path = starlight; sourceTree = BUILT_PRODUCTS_DIR; };
		A603F282215CFA7900C0DF06 /* main.swift */ = {isa = PBXFileReference; lastKnownFileType = sourcecode.swift; path = main.swift; sourceTree = "<group>"; };
		A603F289215CFAEF00C0DF06 /* utils.swift */ = {isa = PBXFileReference; lastKnownFileType = sourcecode.swift; path = utils.swift; sourceTree = "<group>"; };
		A603F28B215CFC7700C0DF06 /* settings.swift */ = {isa = PBXFileReference; lastKnownFileType = sourcecode.swift; path = settings.swift; sourceTree = "<group>"; };
		A63BDDCB2175011500DC79D7 /* regex.swift */ = {isa = PBXFileReference; lastKnownFileType = sourcecode.swift; path = regex.swift; sourceTree = "<group>"; };
		A645DE582174DC5E00E875D4 /* changers.swift */ = {isa = PBXFileReference; lastKnownFileType = sourcecode.swift; path = changers.swift; sourceTree = "<group>"; };
		A6D9BE00217600D800B2907A /* status.swift */ = {isa = PBXFileReference; lastKnownFileType = sourcecode.swift; path = status.swift; sourceTree = "<group>"; };
/* End PBXFileReference section */

/* Begin PBXFrameworksBuildPhase section */
		A603F27C215CFA7900C0DF06 /* Frameworks */ = {
			isa = PBXFrameworksBuildPhase;
			buildActionMask = 2147483647;
			files = (
			);
			runOnlyForDeploymentPostprocessing = 0;
		};
/* End PBXFrameworksBuildPhase section */

/* Begin PBXGroup section */
		A603F276215CFA7900C0DF06 = {
			isa = PBXGroup;
			children = (
				A603F281215CFA7900C0DF06 /* starlight */,
				A603F280215CFA7900C0DF06 /* Products */,
			);
			sourceTree = "<group>";
		};
		A603F280215CFA7900C0DF06 /* Products */ = {
			isa = PBXGroup;
			children = (
				A603F27F215CFA7900C0DF06 /* starlight */,
			);
			name = Products;
			sourceTree = "<group>";
		};
		A603F281215CFA7900C0DF06 /* starlight */ = {
			isa = PBXGroup;
			children = (
				A6D9BE00217600D800B2907A /* status.swift */,
				A603F282215CFA7900C0DF06 /* main.swift */,
				A603F289215CFAEF00C0DF06 /* utils.swift */,
				A603F28B215CFC7700C0DF06 /* settings.swift */,
				A645DE582174DC5E00E875D4 /* changers.swift */,
				A63BDDCB2175011500DC79D7 /* regex.swift */,
			);
			path = starlight;
			sourceTree = "<group>";
		};
/* End PBXGroup section */

/* Begin PBXNativeTarget section */
		A603F27E215CFA7900C0DF06 /* starlight */ = {
			isa = PBXNativeTarget;
			buildConfigurationList = A603F286215CFA7900C0DF06 /* Build configuration list for PBXNativeTarget "starlight" */;
			buildPhases = (
				A603F27B215CFA7900C0DF06 /* Sources */,
				A603F27C215CFA7900C0DF06 /* Frameworks */,
				A603F27D215CFA7900C0DF06 /* CopyFiles */,
			);
			buildRules = (
			);
			dependencies = (
			);
			name = starlight;
			productName = starlight;
			productReference = A603F27F215CFA7900C0DF06 /* starlight */;
			productType = "com.apple.product-type.tool";
		};
/* End PBXNativeTarget section */

/* Begin PBXProject section */
		A603F277215CFA7900C0DF06 /* Project object */ = {
			isa = PBXProject;
			attributes = {
				LastSwiftUpdateCheck = 1000;
				LastUpgradeCheck = 1000;
				ORGANIZATIONNAME = "Pouya Kary";
				TargetAttributes = {
					A603F27E215CFA7900C0DF06 = {
						CreatedOnToolsVersion = 10.0;
					};
				};
			};
			buildConfigurationList = A603F27A215CFA7900C0DF06 /* Build configuration list for PBXProject "starlight" */;
			compatibilityVersion = "Xcode 9.3";
			developmentRegion = en;
			hasScannedForEncodings = 0;
			knownRegions = (
				en,
			);
			mainGroup = A603F276215CFA7900C0DF06;
			productRefGroup = A603F280215CFA7900C0DF06 /* Products */;
			projectDirPath = "";
			projectRoot = "";
			targets = (
				A603F27E215CFA7900C0DF06 /* starlight */,
			);
		};
/* End PBXProject section */

/* Begin PBXSourcesBuildPhase section */
		A603F27B215CFA7900C0DF06 /* Sources */ = {
			isa = PBXSourcesBuildPhase;
			buildActionMask = 2147483647;
			files = (
				A63BDDCC2175011500DC79D7 /* regex.swift in Sources */,
				A645DE592174DC5E00E875D4 /* changers.swift in Sources */,
				A603F283215CFA7900C0DF06 /* main.swift in Sources */,
				A603F28A215CFAEF00C0DF06 /* utils.swift in Sources */,
				A603F28C215CFC7700C0DF06 /* settings.swift in Sources */,
				A6D9BE01217600D800B2907A /* status.swift in Sources */,
			);
			runOnlyForDeploymentPostprocessing = 0;
		};
/* End PBXSourcesBuildPhase section */

/* Begin XCBuildConfiguration section */
		A603F284215CFA7900C0DF06 /* Debug */ = {
			isa = XCBuildConfiguration;
			buildSettings = {
				ALWAYS_SEARCH_USER_PATHS = NO;
				CLANG_ANALYZER_NONNULL = YES;
				CLANG_ANALYZER_NUMBER_OBJECT_CONVERSION = YES_AGGRESSIVE;
				CLANG_CXX_LANGUAGE_STANDARD = "gnu++14";
				CLANG_CXX_LIBRARY = "libc++";
				CLANG_ENABLE_MODULES = YES;
				CLANG_ENABLE_OBJC_ARC = YES;
				CLANG_ENABLE_OBJC_WEAK = YES;
				CLANG_WARN_BLOCK_CAPTURE_AUTORELEASING = YES;
				CLANG_WARN_BOOL_CONVERSION = YES;
				CLANG_WARN_COMMA = YES;
				CLANG_WARN_CONSTANT_CONVERSION = YES;
				CLANG_WARN_DEPRECATED_OBJC_IMPLEMENTATIONS = YES;
				CLANG_WARN_DIRECT_OBJC_ISA_USAGE = YES_ERROR;
				CLANG_WARN_DOCUMENTATION_COMMENTS = YES;
				CLANG_WARN_EMPTY_BODY = YES;
				CLANG_WARN_ENUM_CONVERSION = YES;
				CLANG_WARN_INFINITE_RECURSION = YES;
				CLANG_WARN_INT_CONVERSION = YES;
				CLANG_WARN_NON_LITERAL_NULL_CONVERSION = YES;
				CLANG_WARN_OBJC_IMPLICIT_RETAIN_SELF = YES;
				CLANG_WARN_OBJC_LITERAL_CONVERSION = YES;
				CLANG_WARN_OBJC_ROOT_CLASS = YES_ERROR;
				CLANG_WARN_RANGE_LOOP_ANALYSIS = YES;
				CLANG_WARN_STRICT_PROTOTYPES = YES;
				CLANG_WARN_SUSPICIOUS_MOVE = YES;
				CLANG_WARN_UNGUARDED_AVAILABILITY = YES_AGGRESSIVE;
				CLANG_WARN_UNREACHABLE_CODE = YES;
				CLANG_WARN__DUPLICATE_METHOD_MATCH = YES;
				CODE_SIGN_IDENTITY = "Mac Developer";
				COPY_PHASE_STRIP = NO;
				DEBUG_INFORMATION_FORMAT = dwarf;
				ENABLE_STRICT_OBJC_MSGSEND = YES;
				ENABLE_TESTABILITY = YES;
				GCC_C_LANGUAGE_STANDARD = gnu11;
				GCC_DYNAMIC_NO_PIC = NO;
				GCC_NO_COMMON_BLOCKS = YES;
				GCC_OPTIMIZATION_LEVEL = 0;
				GCC_PREPROCESSOR_DEFINITIONS = (
					"DEBUG=1",
					"$(inherited)",
				);
				GCC_WARN_64_TO_32_BIT_CONVERSION = YES;
				GCC_WARN_ABOUT_RETURN_TYPE = YES_ERROR;
				GCC_WARN_UNDECLARED_SELECTOR = YES;
				GCC_WARN_UNINITIALIZED_AUTOS = YES_AGGRESSIVE;
				GCC_WARN_UNUSED_FUNCTION = YES;
				GCC_WARN_UNUSED_VARIABLE = YES;
				MACOSX_DEPLOYMENT_TARGET = 10.14;
				MTL_ENABLE_DEBUG_INFO = INCLUDE_SOURCE;
				MTL_FAST_MATH = YES;
				ONLY_ACTIVE_ARCH = YES;
				SDKROOT = macosx;
				SWIFT_ACTIVE_COMPILATION_CONDITIONS = DEBUG;
				SWIFT_OPTIMIZATION_LEVEL = "-Onone";
			};
			name = Debug;
		};
		A603F285215CFA7900C0DF06 /* Release */ = {
			isa = XCBuildConfiguration;
			buildSettings = {
				ALWAYS_SEARCH_USER_PATHS = NO;
				CLANG_ANALYZER_NONNULL = YES;
				CLANG_ANALYZER_NUMBER_OBJECT_CONVERSION = YES_AGGRESSIVE;
				CLANG_CXX_LANGUAGE_STANDARD = "gnu++14";
				CLANG_CXX_LIBRARY = "libc++";
				CLANG_ENABLE_MODULES = YES;
				CLANG_ENABLE_OBJC_ARC = YES;
				CLANG_ENABLE_OBJC_WEAK = YES;
				CLANG_WARN_BLOCK_CAPTURE_AUTORELEASING = YES;
				CLANG_WARN_BOOL_CONVERSION = YES;
				CLANG_WARN_COMMA = YES;
				CLANG_WARN_CONSTANT_CONVERSION = YES;
				CLANG_WARN_DEPRECATED_OBJC_IMPLEMENTATIONS = YES;
				CLANG_WARN_DIRECT_OBJC_ISA_USAGE = YES_ERROR;
				CLANG_WARN_DOCUMENTATION_COMMENTS = YES;
				CLANG_WARN_EMPTY_BODY = YES;
				CLANG_WARN_ENUM_CONVERSION = YES;
				CLANG_WARN_INFINITE_RECURSION = YES;
				CLANG_WARN_INT_CONVERSION = YES;
				CLANG_WARN_NON_LITERAL_NULL_CONVERSION = YES;
				CLANG_WARN_OBJC_IMPLICIT_RETAIN_SELF = YES;
				CLANG_WARN_OBJC_LITERAL_CONVERSION = YES;
				CLANG_WARN_OBJC_ROOT_CLASS = YES_ERROR;
				CLANG_WARN_RANGE_LOOP_ANALYSIS = YES;
				CLANG_WARN_STRICT_PROTOTYPES = YES;
				CLANG_WARN_SUSPICIOUS_MOVE = YES;
				CLANG_WARN_UNGUARDED_AVAILABILITY = YES_AGGRESSIVE;
				CLANG_WARN_UNREACHABLE_CODE = YES;
				CLANG_WARN__DUPLICATE_METHOD_MATCH = YES;
				CODE_SIGN_IDENTITY = "Mac Developer";
				COPY_PHASE_STRIP = NO;
				DEBUG_INFORMATION_FORMAT = "dwarf-with-dsym";
				ENABLE_NS_ASSERTIONS = NO;
				ENABLE_STRICT_OBJC_MSGSEND = YES;
				GCC_C_LANGUAGE_STANDARD = gnu11;
				GCC_NO_COMMON_BLOCKS = YES;
				GCC_WARN_64_TO_32_BIT_CONVERSION = YES;
				GCC_WARN_ABOUT_RETURN_TYPE = YES_ERROR;
				GCC_WARN_UNDECLARED_SELECTOR = YES;
				GCC_WARN_UNINITIALIZED_AUTOS = YES_AGGRESSIVE;
				GCC_WARN_UNUSED_FUNCTION = YES;
				GCC_WARN_UNUSED_VARIABLE = YES;
				MACOSX_DEPLOYMENT_TARGET = 10.14;
				MTL_ENABLE_DEBUG_INFO = NO;
				MTL_FAST_MATH = YES;
				SDKROOT = macosx;
				SWIFT_COMPILATION_MODE = wholemodule;
				SWIFT_OPTIMIZATION_LEVEL = "-O";
			};
			name = Release;
		};
		A603F287215CFA7900C0DF06 /* Debug */ = {
			isa = XCBuildConfiguration;
			buildSettings = {
				CODE_SIGN_STYLE = Automatic;
				DEVELOPMENT_TEAM = 47X8A9ULW9;
				PRODUCT_NAME = "$(TARGET_NAME)";
				SWIFT_VERSION = 4.2;
			};
			name = Debug;
		};
		A603F288215CFA7900C0DF06 /* Release */ = {
			isa = XCBuildConfiguration;
			buildSettings = {
				CODE_SIGN_STYLE = Automatic;
				DEVELOPMENT_TEAM = 47X8A9ULW9;
				PRODUCT_NAME = "$(TARGET_NAME)";
				SWIFT_VERSION = 4.2;
			};
			name = Release;
		};
/* End XCBuildConfiguration section */

/* Begin XCConfigurationList section */
		A603F27A215CFA7900C0DF06 /* Build configuration list for PBXProject "starlight" */ = {
			isa = XCConfigurationList;
			buildConfigurations = (
				A603F284215CFA7900C0DF06 /* Debug */,
				A603F285215CFA7900C0DF06 /* Release */,
			);
			defaultConfigurationIsVisible = 0;
			defaultConfigurationName = Release;
		};
		A603F286215CFA7900C0DF06 /* Build configuration list for PBXNativeTarget "starlight" */ = {
			isa = XCConfigurationList;
			buildConfigurations = (
				A603F287215CFA7900C0DF06 /* Debug */,
				A603F288215CFA7900C0DF06 /* Release */,
			);
			defaultConfigurationIsVisible = 0;
			defaultConfigurationName = Release;
		};
/* End XCConfigurationList section */
	};
	rootObject = A603F277215CFA7900C0DF06 /* Project object */;
}
